// !$*UTF8*$!
{
	archiveVersion = 1;
	classes = {
	};
	objectVersion = 50;
	objects = {

/* Begin PBXBuildFile section */
		14DDF5AA20FCD79400C75D59 /* Bool.swift in Sources */ = {isa = PBXBuildFile; fileRef = 14DDF5A920FCD79400C75D59 /* Bool.swift */; };
		6C9C2E1260A8190374365E80 /* Pods_Cluck.framework in Frameworks */ = {isa = PBXBuildFile; fileRef = B922777417271D0804958E32 /* Pods_Cluck.framework */; };
		E142C76520BFEB28008F39D8 /* AppDelegate.swift in Sources */ = {isa = PBXBuildFile; fileRef = E142C76420BFEB28008F39D8 /* AppDelegate.swift */; };
		E142C76A20BFEB28008F39D8 /* Main.storyboard in Resources */ = {isa = PBXBuildFile; fileRef = E142C76820BFEB28008F39D8 /* Main.storyboard */; };
		E142C76C20BFEB2C008F39D8 /* Assets.xcassets in Resources */ = {isa = PBXBuildFile; fileRef = E142C76B20BFEB2C008F39D8 /* Assets.xcassets */; };
		E142C76F20BFEB2C008F39D8 /* LaunchScreen.storyboard in Resources */ = {isa = PBXBuildFile; fileRef = E142C76D20BFEB2C008F39D8 /* LaunchScreen.storyboard */; };
		E142C77720BFF32D008F39D8 /* LoginViewController.swift in Sources */ = {isa = PBXBuildFile; fileRef = E142C77620BFF32D008F39D8 /* LoginViewController.swift */; };
		E142C77920C02847008F39D8 /* QuestionListTableViewController.swift in Sources */ = {isa = PBXBuildFile; fileRef = E142C77820C02847008F39D8 /* QuestionListTableViewController.swift */; };
		E142C77B20C0294B008F39D8 /* QuestionListTableViewCell.swift in Sources */ = {isa = PBXBuildFile; fileRef = E142C77A20C0294A008F39D8 /* QuestionListTableViewCell.swift */; };
		E142C78220C031B1008F39D8 /* nature5.jpeg in Resources */ = {isa = PBXBuildFile; fileRef = E142C77C20C031AE008F39D8 /* nature5.jpeg */; };
		E142C78320C031B1008F39D8 /* nature6.jpeg in Resources */ = {isa = PBXBuildFile; fileRef = E142C77D20C031AE008F39D8 /* nature6.jpeg */; };
		E142C78420C031B1008F39D8 /* nature3.jpeg in Resources */ = {isa = PBXBuildFile; fileRef = E142C77E20C031AF008F39D8 /* nature3.jpeg */; };
		E142C78520C031B1008F39D8 /* nature4.jpeg in Resources */ = {isa = PBXBuildFile; fileRef = E142C77F20C031AF008F39D8 /* nature4.jpeg */; };
		E142C78620C031B1008F39D8 /* nature1.jpg in Resources */ = {isa = PBXBuildFile; fileRef = E142C78020C031AF008F39D8 /* nature1.jpg */; };
		E142C78720C031B1008F39D8 /* nature2.jpeg in Resources */ = {isa = PBXBuildFile; fileRef = E142C78120C031B0008F39D8 /* nature2.jpeg */; };
		E142C79520C1D474008F39D8 /* SideMenuTableViewController.swift in Sources */ = {isa = PBXBuildFile; fileRef = E142C79420C1D473008F39D8 /* SideMenuTableViewController.swift */; };
		E142C79720C2F9E8008F39D8 /* SideMenuTableViewCell.swift in Sources */ = {isa = PBXBuildFile; fileRef = E142C79620C2F9E7008F39D8 /* SideMenuTableViewCell.swift */; };
		E142C79A20C318FF008F39D8 /* Label+Extention.swift in Sources */ = {isa = PBXBuildFile; fileRef = E142C79920C318FE008F39D8 /* Label+Extention.swift */; };
		E142C79E20C32858008F39D8 /* AddQuestionViewController.swift in Sources */ = {isa = PBXBuildFile; fileRef = E142C79D20C32858008F39D8 /* AddQuestionViewController.swift */; };
		E142C7A020C34013008F39D8 /* original.png in Resources */ = {isa = PBXBuildFile; fileRef = E142C79F20C34012008F39D8 /* original.png */; };
		E1AAE60120E54DE6004A8452 /* MyQuestionsTableViewController.swift in Sources */ = {isa = PBXBuildFile; fileRef = E1AAE60020E54DE6004A8452 /* MyQuestionsTableViewController.swift */; };
		E1AAE60320E54E44004A8452 /* MyQuestionsTableViewCell.swift in Sources */ = {isa = PBXBuildFile; fileRef = E1AAE60220E54E44004A8452 /* MyQuestionsTableViewCell.swift */; };
		E1E0A9CB20D456DA003E421C /* Api.swift in Sources */ = {isa = PBXBuildFile; fileRef = E1E0A9CA20D456DA003E421C /* Api.swift */; };
		E1E0A9CD20D551A9003E421C /* App.swift in Sources */ = {isa = PBXBuildFile; fileRef = E1E0A9CC20D551A8003E421C /* App.swift */; };
		E1E0A9D020D551D5003E421C /* User.swift in Sources */ = {isa = PBXBuildFile; fileRef = E1E0A9CF20D551D5003E421C /* User.swift */; };
		E1E6A26320FBBDC700D9AFAF /* Cluck.xcdatamodeld in Sources */ = {isa = PBXBuildFile; fileRef = E1E6A26120FBBDC700D9AFAF /* Cluck.xcdatamodeld */; };
		E1E6A26D20FD0A4000D9AFAF /* Question.swift in Sources */ = {isa = PBXBuildFile; fileRef = E1E6A26C20FD0A4000D9AFAF /* Question.swift */; };
/* End PBXBuildFile section */

/* Begin PBXFileReference section */
		14DDF5A920FCD79400C75D59 /* Bool.swift */ = {isa = PBXFileReference; lastKnownFileType = sourcecode.swift; path = Bool.swift; sourceTree = "<group>"; };
		B922777417271D0804958E32 /* Pods_Cluck.framework */ = {isa = PBXFileReference; explicitFileType = wrapper.framework; includeInIndex = 0; path = Pods_Cluck.framework; sourceTree = BUILT_PRODUCTS_DIR; };
		E142C76120BFEB28008F39D8 /* Cluck.app */ = {isa = PBXFileReference; explicitFileType = wrapper.application; includeInIndex = 0; path = Cluck.app; sourceTree = BUILT_PRODUCTS_DIR; };
		E142C76420BFEB28008F39D8 /* AppDelegate.swift */ = {isa = PBXFileReference; lastKnownFileType = sourcecode.swift; path = AppDelegate.swift; sourceTree = "<group>"; };
		E142C76920BFEB28008F39D8 /* Base */ = {isa = PBXFileReference; lastKnownFileType = file.storyboard; name = Base; path = Base.lproj/Main.storyboard; sourceTree = "<group>"; };
		E142C76B20BFEB2C008F39D8 /* Assets.xcassets */ = {isa = PBXFileReference; lastKnownFileType = folder.assetcatalog; path = Assets.xcassets; sourceTree = "<group>"; };
		E142C76E20BFEB2C008F39D8 /* Base */ = {isa = PBXFileReference; lastKnownFileType = file.storyboard; name = Base; path = Base.lproj/LaunchScreen.storyboard; sourceTree = "<group>"; };
		E142C77020BFEB2C008F39D8 /* Info.plist */ = {isa = PBXFileReference; lastKnownFileType = text.plist.xml; path = Info.plist; sourceTree = "<group>"; };
		E142C77620BFF32D008F39D8 /* LoginViewController.swift */ = {isa = PBXFileReference; lastKnownFileType = sourcecode.swift; path = LoginViewController.swift; sourceTree = "<group>"; };
		E142C77820C02847008F39D8 /* QuestionListTableViewController.swift */ = {isa = PBXFileReference; lastKnownFileType = sourcecode.swift; path = QuestionListTableViewController.swift; sourceTree = "<group>"; };
		E142C77A20C0294A008F39D8 /* QuestionListTableViewCell.swift */ = {isa = PBXFileReference; lastKnownFileType = sourcecode.swift; path = QuestionListTableViewCell.swift; sourceTree = "<group>"; };
		E142C77C20C031AE008F39D8 /* nature5.jpeg */ = {isa = PBXFileReference; lastKnownFileType = image.jpeg; path = nature5.jpeg; sourceTree = "<group>"; };
		E142C77D20C031AE008F39D8 /* nature6.jpeg */ = {isa = PBXFileReference; lastKnownFileType = image.jpeg; path = nature6.jpeg; sourceTree = "<group>"; };
		E142C77E20C031AF008F39D8 /* nature3.jpeg */ = {isa = PBXFileReference; lastKnownFileType = image.jpeg; path = nature3.jpeg; sourceTree = "<group>"; };
		E142C77F20C031AF008F39D8 /* nature4.jpeg */ = {isa = PBXFileReference; lastKnownFileType = image.jpeg; path = nature4.jpeg; sourceTree = "<group>"; };
		E142C78020C031AF008F39D8 /* nature1.jpg */ = {isa = PBXFileReference; lastKnownFileType = image.jpeg; path = nature1.jpg; sourceTree = "<group>"; };
		E142C78120C031B0008F39D8 /* nature2.jpeg */ = {isa = PBXFileReference; lastKnownFileType = image.jpeg; path = nature2.jpeg; sourceTree = "<group>"; };
		E142C79420C1D473008F39D8 /* SideMenuTableViewController.swift */ = {isa = PBXFileReference; lastKnownFileType = sourcecode.swift; path = SideMenuTableViewController.swift; sourceTree = "<group>"; };
		E142C79620C2F9E7008F39D8 /* SideMenuTableViewCell.swift */ = {isa = PBXFileReference; lastKnownFileType = sourcecode.swift; path = SideMenuTableViewCell.swift; sourceTree = "<group>"; };
		E142C79920C318FE008F39D8 /* Label+Extention.swift */ = {isa = PBXFileReference; lastKnownFileType = sourcecode.swift; path = "Label+Extention.swift"; sourceTree = "<group>"; };
		E142C79D20C32858008F39D8 /* AddQuestionViewController.swift */ = {isa = PBXFileReference; lastKnownFileType = sourcecode.swift; path = AddQuestionViewController.swift; sourceTree = "<group>"; };
		E142C79F20C34012008F39D8 /* original.png */ = {isa = PBXFileReference; lastKnownFileType = image.png; path = original.png; sourceTree = "<group>"; };
		E1AAE60020E54DE6004A8452 /* MyQuestionsTableViewController.swift */ = {isa = PBXFileReference; lastKnownFileType = sourcecode.swift; path = MyQuestionsTableViewController.swift; sourceTree = "<group>"; };
		E1AAE60220E54E44004A8452 /* MyQuestionsTableViewCell.swift */ = {isa = PBXFileReference; lastKnownFileType = sourcecode.swift; path = MyQuestionsTableViewCell.swift; sourceTree = "<group>"; };
		E1E0A9CA20D456DA003E421C /* Api.swift */ = {isa = PBXFileReference; lastKnownFileType = sourcecode.swift; path = Api.swift; sourceTree = "<group>"; };
		E1E0A9CC20D551A8003E421C /* App.swift */ = {isa = PBXFileReference; lastKnownFileType = sourcecode.swift; path = App.swift; sourceTree = "<group>"; };
		E1E0A9CF20D551D5003E421C /* User.swift */ = {isa = PBXFileReference; lastKnownFileType = sourcecode.swift; path = User.swift; sourceTree = "<group>"; };
		E1E6A26220FBBDC700D9AFAF /* Cluck.xcdatamodel */ = {isa = PBXFileReference; lastKnownFileType = wrapper.xcdatamodel; path = Cluck.xcdatamodel; sourceTree = "<group>"; };
		E1E6A26C20FD0A4000D9AFAF /* Question.swift */ = {isa = PBXFileReference; lastKnownFileType = sourcecode.swift; path = Question.swift; sourceTree = "<group>"; };
		E3412D02767C1ECEA093F95C /* Pods-Cluck.release.xcconfig */ = {isa = PBXFileReference; includeInIndex = 1; lastKnownFileType = text.xcconfig; name = "Pods-Cluck.release.xcconfig"; path = "Pods/Target Support Files/Pods-Cluck/Pods-Cluck.release.xcconfig"; sourceTree = "<group>"; };
		F8A8960BC2359253C9384552 /* Pods-Cluck.debug.xcconfig */ = {isa = PBXFileReference; includeInIndex = 1; lastKnownFileType = text.xcconfig; name = "Pods-Cluck.debug.xcconfig"; path = "Pods/Target Support Files/Pods-Cluck/Pods-Cluck.debug.xcconfig"; sourceTree = "<group>"; };
/* End PBXFileReference section */

/* Begin PBXFrameworksBuildPhase section */
		E142C75E20BFEB28008F39D8 /* Frameworks */ = {
			isa = PBXFrameworksBuildPhase;
			buildActionMask = 2147483647;
			files = (
				6C9C2E1260A8190374365E80 /* Pods_Cluck.framework in Frameworks */,
			);
			runOnlyForDeploymentPostprocessing = 0;
		};
/* End PBXFrameworksBuildPhase section */

/* Begin PBXGroup section */
		34B507C00186165B3A5F8627 /* Pods */ = {
			isa = PBXGroup;
			children = (
				F8A8960BC2359253C9384552 /* Pods-Cluck.debug.xcconfig */,
				E3412D02767C1ECEA093F95C /* Pods-Cluck.release.xcconfig */,
			);
			name = Pods;
			sourceTree = "<group>";
		};
		8332E108F632627D380EDD17 /* Frameworks */ = {
			isa = PBXGroup;
			children = (
				B922777417271D0804958E32 /* Pods_Cluck.framework */,
			);
			name = Frameworks;
			sourceTree = "<group>";
		};
		E142C75820BFEB27008F39D8 = {
			isa = PBXGroup;
			children = (
				E142C76320BFEB28008F39D8 /* Cluck */,
				E142C76220BFEB28008F39D8 /* Products */,
				34B507C00186165B3A5F8627 /* Pods */,
				8332E108F632627D380EDD17 /* Frameworks */,
			);
			sourceTree = "<group>";
		};
		E142C76220BFEB28008F39D8 /* Products */ = {
			isa = PBXGroup;
			children = (
				E142C76120BFEB28008F39D8 /* Cluck.app */,
			);
			name = Products;
			sourceTree = "<group>";
		};
		E142C76320BFEB28008F39D8 /* Cluck */ = {
			isa = PBXGroup;
			children = (
				E1AAE5FF20E54DBC004A8452 /* MyQuestions */,
				E1E0A9CE20D551BD003E421C /* Model */,
				E1E0A9C920D45688003E421C /* Api */,
				E142C76820BFEB28008F39D8 /* Main.storyboard */,
				E142C76420BFEB28008F39D8 /* AppDelegate.swift */,
				E142C77620BFF32D008F39D8 /* LoginViewController.swift */,
				E142C77820C02847008F39D8 /* QuestionListTableViewController.swift */,
				E142C77A20C0294A008F39D8 /* QuestionListTableViewCell.swift */,
				E142C79420C1D473008F39D8 /* SideMenuTableViewController.swift */,
				E142C79620C2F9E7008F39D8 /* SideMenuTableViewCell.swift */,
				E142C79D20C32858008F39D8 /* AddQuestionViewController.swift */,
				E142C76B20BFEB2C008F39D8 /* Assets.xcassets */,
				E142C79820C318C6008F39D8 /* Extentions */,
				E142C78820C031CF008F39D8 /* Resources */,
				E142C76D20BFEB2C008F39D8 /* LaunchScreen.storyboard */,
				E142C77020BFEB2C008F39D8 /* Info.plist */,
			);
			path = Cluck;
			sourceTree = "<group>";
		};
		E142C78820C031CF008F39D8 /* Resources */ = {
			isa = PBXGroup;
			children = (
				E142C78020C031AF008F39D8 /* nature1.jpg */,
				E142C78120C031B0008F39D8 /* nature2.jpeg */,
				E142C77E20C031AF008F39D8 /* nature3.jpeg */,
				E142C77F20C031AF008F39D8 /* nature4.jpeg */,
				E142C77C20C031AE008F39D8 /* nature5.jpeg */,
				E142C77D20C031AE008F39D8 /* nature6.jpeg */,
				E142C79F20C34012008F39D8 /* original.png */,
				E1E6A26120FBBDC700D9AFAF /* Cluck.xcdatamodeld */,
			);
			path = Resources;
			sourceTree = "<group>";
		};
		E142C79820C318C6008F39D8 /* Extentions */ = {
			isa = PBXGroup;
			children = (
				E142C79920C318FE008F39D8 /* Label+Extention.swift */,
				14DDF5A920FCD79400C75D59 /* Bool.swift */,
			);
			path = Extentions;
			sourceTree = "<group>";
		};
		E1AAE5FF20E54DBC004A8452 /* MyQuestions */ = {
			isa = PBXGroup;
			children = (
				E1AAE60020E54DE6004A8452 /* MyQuestionsTableViewController.swift */,
				E1AAE60220E54E44004A8452 /* MyQuestionsTableViewCell.swift */,
			);
			path = MyQuestions;
			sourceTree = "<group>";
		};
		E1E0A9C920D45688003E421C /* Api */ = {
			isa = PBXGroup;
			children = (
				E1E0A9CA20D456DA003E421C /* Api.swift */,
				E1E0A9CC20D551A8003E421C /* App.swift */,
			);
			path = Api;
			sourceTree = "<group>";
		};
		E1E0A9CE20D551BD003E421C /* Model */ = {
			isa = PBXGroup;
			children = (
				E1E0A9CF20D551D5003E421C /* User.swift */,
				E1E6A26C20FD0A4000D9AFAF /* Question.swift */,
			);
			name = Model;
			path = "New Group";
			sourceTree = "<group>";
		};
/* End PBXGroup section */

/* Begin PBXNativeTarget section */
		E142C76020BFEB28008F39D8 /* Cluck */ = {
			isa = PBXNativeTarget;
			buildConfigurationList = E142C77320BFEB2C008F39D8 /* Build configuration list for PBXNativeTarget "Cluck" */;
			buildPhases = (
				CA5B6780934FD894A2DF0571 /* [CP] Check Pods Manifest.lock */,
				E142C75D20BFEB28008F39D8 /* Sources */,
				E142C75E20BFEB28008F39D8 /* Frameworks */,
				E142C75F20BFEB28008F39D8 /* Resources */,
				FE81718E68564A6257AD5C5B /* [CP] Embed Pods Frameworks */,
			);
			buildRules = (
			);
			dependencies = (
			);
			name = Cluck;
			productName = Cluck;
			productReference = E142C76120BFEB28008F39D8 /* Cluck.app */;
			productType = "com.apple.product-type.application";
		};
/* End PBXNativeTarget section */

/* Begin PBXProject section */
		E142C75920BFEB28008F39D8 /* Project object */ = {
			isa = PBXProject;
			attributes = {
				LastSwiftUpdateCheck = 0930;
				LastUpgradeCheck = 0930;
				ORGANIZATIONNAME = "Наталья Синицына";
				TargetAttributes = {
					E142C76020BFEB28008F39D8 = {
						CreatedOnToolsVersion = 9.3;
					};
				};
			};
			buildConfigurationList = E142C75C20BFEB28008F39D8 /* Build configuration list for PBXProject "Cluck" */;
			compatibilityVersion = "Xcode 9.3";
			developmentRegion = en;
			hasScannedForEncodings = 0;
			knownRegions = (
				en,
				Base,
			);
			mainGroup = E142C75820BFEB27008F39D8;
			productRefGroup = E142C76220BFEB28008F39D8 /* Products */;
			projectDirPath = "";
			projectRoot = "";
			targets = (
				E142C76020BFEB28008F39D8 /* Cluck */,
			);
		};
/* End PBXProject section */

/* Begin PBXResourcesBuildPhase section */
		E142C75F20BFEB28008F39D8 /* Resources */ = {
			isa = PBXResourcesBuildPhase;
			buildActionMask = 2147483647;
			files = (
				E142C76F20BFEB2C008F39D8 /* LaunchScreen.storyboard in Resources */,
				E142C78720C031B1008F39D8 /* nature2.jpeg in Resources */,
				E142C78420C031B1008F39D8 /* nature3.jpeg in Resources */,
				E142C78320C031B1008F39D8 /* nature6.jpeg in Resources */,
				E142C7A020C34013008F39D8 /* original.png in Resources */,
				E142C78520C031B1008F39D8 /* nature4.jpeg in Resources */,
				E142C78620C031B1008F39D8 /* nature1.jpg in Resources */,
				E142C78220C031B1008F39D8 /* nature5.jpeg in Resources */,
				E142C76C20BFEB2C008F39D8 /* Assets.xcassets in Resources */,
				E142C76A20BFEB28008F39D8 /* Main.storyboard in Resources */,
			);
			runOnlyForDeploymentPostprocessing = 0;
		};
/* End PBXResourcesBuildPhase section */

/* Begin PBXShellScriptBuildPhase section */
		CA5B6780934FD894A2DF0571 /* [CP] Check Pods Manifest.lock */ = {
			isa = PBXShellScriptBuildPhase;
			buildActionMask = 2147483647;
			files = (
			);
			inputPaths = (
				"${PODS_PODFILE_DIR_PATH}/Podfile.lock",
				"${PODS_ROOT}/Manifest.lock",
			);
			name = "[CP] Check Pods Manifest.lock";
			outputPaths = (
				"$(DERIVED_FILE_DIR)/Pods-Cluck-checkManifestLockResult.txt",
			);
			runOnlyForDeploymentPostprocessing = 0;
			shellPath = /bin/sh;
			shellScript = "diff \"${PODS_PODFILE_DIR_PATH}/Podfile.lock\" \"${PODS_ROOT}/Manifest.lock\" > /dev/null\nif [ $? != 0 ] ; then\n    # print error to STDERR\n    echo \"error: The sandbox is not in sync with the Podfile.lock. Run 'pod install' or update your CocoaPods installation.\" >&2\n    exit 1\nfi\n# This output is used by Xcode 'outputs' to avoid re-running this script phase.\necho \"SUCCESS\" > \"${SCRIPT_OUTPUT_FILE_0}\"\n";
			showEnvVarsInLog = 0;
		};
		FE81718E68564A6257AD5C5B /* [CP] Embed Pods Frameworks */ = {
			isa = PBXShellScriptBuildPhase;
			buildActionMask = 2147483647;
			files = (
			);
			inputPaths = (
				"${SRCROOT}/Pods/Target Support Files/Pods-Cluck/Pods-Cluck-frameworks.sh",
				"${BUILT_PRODUCTS_DIR}/Magic/Magic.framework",
			);
			name = "[CP] Embed Pods Frameworks";
			outputPaths = (
				"${TARGET_BUILD_DIR}/${FRAMEWORKS_FOLDER_PATH}/Magic.framework",
			);
			runOnlyForDeploymentPostprocessing = 0;
			shellPath = /bin/sh;
			shellScript = "\"${SRCROOT}/Pods/Target Support Files/Pods-Cluck/Pods-Cluck-frameworks.sh\"\n";
			showEnvVarsInLog = 0;
		};
/* End PBXShellScriptBuildPhase section */

/* Begin PBXSourcesBuildPhase section */
		E142C75D20BFEB28008F39D8 /* Sources */ = {
			isa = PBXSourcesBuildPhase;
			buildActionMask = 2147483647;
			files = (
				E1E6A26D20FD0A4000D9AFAF /* Question.swift in Sources */,
				E1E0A9CB20D456DA003E421C /* Api.swift in Sources */,
				E142C77720BFF32D008F39D8 /* LoginViewController.swift in Sources */,
				E142C79A20C318FF008F39D8 /* Label+Extention.swift in Sources */,
				E1E0A9CD20D551A9003E421C /* App.swift in Sources */,
				E142C79E20C32858008F39D8 /* AddQuestionViewController.swift in Sources */,
				E142C77B20C0294B008F39D8 /* QuestionListTableViewCell.swift in Sources */,
				E1E6A26320FBBDC700D9AFAF /* Cluck.xcdatamodeld in Sources */,
				E142C76520BFEB28008F39D8 /* AppDelegate.swift in Sources */,
				14DDF5AA20FCD79400C75D59 /* Bool.swift in Sources */,
				E1AAE60120E54DE6004A8452 /* MyQuestionsTableViewController.swift in Sources */,
				E1AAE60320E54E44004A8452 /* MyQuestionsTableViewCell.swift in Sources */,
				E142C79720C2F9E8008F39D8 /* SideMenuTableViewCell.swift in Sources */,
				E142C77920C02847008F39D8 /* QuestionListTableViewController.swift in Sources */,
				E142C79520C1D474008F39D8 /* SideMenuTableViewController.swift in Sources */,
				E1E0A9D020D551D5003E421C /* User.swift in Sources */,
			);
			runOnlyForDeploymentPostprocessing = 0;
		};
/* End PBXSourcesBuildPhase section */

/* Begin PBXVariantGroup section */
		E142C76820BFEB28008F39D8 /* Main.storyboard */ = {
			isa = PBXVariantGroup;
			children = (
				E142C76920BFEB28008F39D8 /* Base */,
			);
			name = Main.storyboard;
			sourceTree = "<group>";
		};
		E142C76D20BFEB2C008F39D8 /* LaunchScreen.storyboard */ = {
			isa = PBXVariantGroup;
			children = (
				E142C76E20BFEB2C008F39D8 /* Base */,
			);
			name = LaunchScreen.storyboard;
			sourceTree = "<group>";
		};
/* End PBXVariantGroup section */

/* Begin XCBuildConfiguration section */
		E142C77120BFEB2C008F39D8 /* Debug */ = {
			isa = XCBuildConfiguration;
			buildSettings = {
				ALWAYS_SEARCH_USER_PATHS = NO;
				CLANG_ANALYZER_NONNULL = YES;
				CLANG_ANALYZER_NUMBER_OBJECT_CONVERSION = YES_AGGRESSIVE;
				CLANG_CXX_LANGUAGE_STANDARD = "gnu++14";
				CLANG_CXX_LIBRARY = "libc++";
				CLANG_ENABLE_MODULES = YES;
				CLANG_ENABLE_OBJC_ARC = YES;
				CLANG_ENABLE_OBJC_WEAK = YES;
				CLANG_WARN_BLOCK_CAPTURE_AUTORELEASING = YES;
				CLANG_WARN_BOOL_CONVERSION = YES;
				CLANG_WARN_COMMA = YES;
				CLANG_WARN_CONSTANT_CONVERSION = YES;
				CLANG_WARN_DEPRECATED_OBJC_IMPLEMENTATIONS = YES;
				CLANG_WARN_DIRECT_OBJC_ISA_USAGE = YES_ERROR;
				CLANG_WARN_DOCUMENTATION_COMMENTS = YES;
				CLANG_WARN_EMPTY_BODY = YES;
				CLANG_WARN_ENUM_CONVERSION = YES;
				CLANG_WARN_INFINITE_RECURSION = YES;
				CLANG_WARN_INT_CONVERSION = YES;
				CLANG_WARN_NON_LITERAL_NULL_CONVERSION = YES;
				CLANG_WARN_OBJC_IMPLICIT_RETAIN_SELF = YES;
				CLANG_WARN_OBJC_LITERAL_CONVERSION = YES;
				CLANG_WARN_OBJC_ROOT_CLASS = YES_ERROR;
				CLANG_WARN_RANGE_LOOP_ANALYSIS = YES;
				CLANG_WARN_STRICT_PROTOTYPES = YES;
				CLANG_WARN_SUSPICIOUS_MOVE = YES;
				CLANG_WARN_UNGUARDED_AVAILABILITY = YES_AGGRESSIVE;
				CLANG_WARN_UNREACHABLE_CODE = YES;
				CLANG_WARN__DUPLICATE_METHOD_MATCH = YES;
				CODE_SIGN_IDENTITY = "iPhone Developer";
				COPY_PHASE_STRIP = NO;
				DEBUG_INFORMATION_FORMAT = dwarf;
				ENABLE_STRICT_OBJC_MSGSEND = YES;
				ENABLE_TESTABILITY = YES;
				GCC_C_LANGUAGE_STANDARD = gnu11;
				GCC_DYNAMIC_NO_PIC = NO;
				GCC_NO_COMMON_BLOCKS = YES;
				GCC_OPTIMIZATION_LEVEL = 0;
				GCC_PREPROCESSOR_DEFINITIONS = (
					"DEBUG=1",
					"$(inherited)",
				);
				GCC_WARN_64_TO_32_BIT_CONVERSION = YES;
				GCC_WARN_ABOUT_RETURN_TYPE = YES_ERROR;
				GCC_WARN_UNDECLARED_SELECTOR = YES;
				GCC_WARN_UNINITIALIZED_AUTOS = YES_AGGRESSIVE;
				GCC_WARN_UNUSED_FUNCTION = YES;
				GCC_WARN_UNUSED_VARIABLE = YES;
				IPHONEOS_DEPLOYMENT_TARGET = 11.3;
				MTL_ENABLE_DEBUG_INFO = YES;
				ONLY_ACTIVE_ARCH = YES;
				SDKROOT = iphoneos;
				SWIFT_ACTIVE_COMPILATION_CONDITIONS = DEBUG;
				SWIFT_OPTIMIZATION_LEVEL = "-Onone";
			};
			name = Debug;
		};
		E142C77220BFEB2C008F39D8 /* Release */ = {
			isa = XCBuildConfiguration;
			buildSettings = {
				ALWAYS_SEARCH_USER_PATHS = NO;
				CLANG_ANALYZER_NONNULL = YES;
				CLANG_ANALYZER_NUMBER_OBJECT_CONVERSION = YES_AGGRESSIVE;
				CLANG_CXX_LANGUAGE_STANDARD = "gnu++14";
				CLANG_CXX_LIBRARY = "libc++";
				CLANG_ENABLE_MODULES = YES;
				CLANG_ENABLE_OBJC_ARC = YES;
				CLANG_ENABLE_OBJC_WEAK = YES;
				CLANG_WARN_BLOCK_CAPTURE_AUTORELEASING = YES;
				CLANG_WARN_BOOL_CONVERSION = YES;
				CLANG_WARN_COMMA = YES;
				CLANG_WARN_CONSTANT_CONVERSION = YES;
				CLANG_WARN_DEPRECATED_OBJC_IMPLEMENTATIONS = YES;
				CLANG_WARN_DIRECT_OBJC_ISA_USAGE = YES_ERROR;
				CLANG_WARN_DOCUMENTATION_COMMENTS = YES;
				CLANG_WARN_EMPTY_BODY = YES;
				CLANG_WARN_ENUM_CONVERSION = YES;
				CLANG_WARN_INFINITE_RECURSION = YES;
				CLANG_WARN_INT_CONVERSION = YES;
				CLANG_WARN_NON_LITERAL_NULL_CONVERSION = YES;
				CLANG_WARN_OBJC_IMPLICIT_RETAIN_SELF = YES;
				CLANG_WARN_OBJC_LITERAL_CONVERSION = YES;
				CLANG_WARN_OBJC_ROOT_CLASS = YES_ERROR;
				CLANG_WARN_RANGE_LOOP_ANALYSIS = YES;
				CLANG_WARN_STRICT_PROTOTYPES = YES;
				CLANG_WARN_SUSPICIOUS_MOVE = YES;
				CLANG_WARN_UNGUARDED_AVAILABILITY = YES_AGGRESSIVE;
				CLANG_WARN_UNREACHABLE_CODE = YES;
				CLANG_WARN__DUPLICATE_METHOD_MATCH = YES;
				CODE_SIGN_IDENTITY = "iPhone Developer";
				COPY_PHASE_STRIP = NO;
				DEBUG_INFORMATION_FORMAT = "dwarf-with-dsym";
				ENABLE_NS_ASSERTIONS = NO;
				ENABLE_STRICT_OBJC_MSGSEND = YES;
				GCC_C_LANGUAGE_STANDARD = gnu11;
				GCC_NO_COMMON_BLOCKS = YES;
				GCC_WARN_64_TO_32_BIT_CONVERSION = YES;
				GCC_WARN_ABOUT_RETURN_TYPE = YES_ERROR;
				GCC_WARN_UNDECLARED_SELECTOR = YES;
				GCC_WARN_UNINITIALIZED_AUTOS = YES_AGGRESSIVE;
				GCC_WARN_UNUSED_FUNCTION = YES;
				GCC_WARN_UNUSED_VARIABLE = YES;
				IPHONEOS_DEPLOYMENT_TARGET = 11.3;
				MTL_ENABLE_DEBUG_INFO = NO;
				SDKROOT = iphoneos;
				SWIFT_COMPILATION_MODE = wholemodule;
				SWIFT_OPTIMIZATION_LEVEL = "-O";
				VALIDATE_PRODUCT = YES;
			};
			name = Release;
		};
		E142C77420BFEB2C008F39D8 /* Debug */ = {
			isa = XCBuildConfiguration;
			baseConfigurationReference = F8A8960BC2359253C9384552 /* Pods-Cluck.debug.xcconfig */;
			buildSettings = {
				ASSETCATALOG_COMPILER_APPICON_NAME = AppIcon;
				CODE_SIGN_STYLE = Automatic;
				DEVELOPMENT_TEAM = FDAF4AFFQX;
				INFOPLIST_FILE = Cluck/Info.plist;
				IPHONEOS_DEPLOYMENT_TARGET = 10.0;
				LD_RUNPATH_SEARCH_PATHS = (
					"$(inherited)",
					"@executable_path/Frameworks",
				);
				PRODUCT_BUNDLE_IDENTIFIER = GB.Cluck;
				PRODUCT_NAME = "$(TARGET_NAME)";
				SWIFT_VERSION = 4.0;
				TARGETED_DEVICE_FAMILY = "1,2";
			};
			name = Debug;
		};
		E142C77520BFEB2C008F39D8 /* Release */ = {
			isa = XCBuildConfiguration;
			baseConfigurationReference = E3412D02767C1ECEA093F95C /* Pods-Cluck.release.xcconfig */;
			buildSettings = {
				ASSETCATALOG_COMPILER_APPICON_NAME = AppIcon;
				CODE_SIGN_STYLE = Automatic;
				DEVELOPMENT_TEAM = FDAF4AFFQX;
				INFOPLIST_FILE = Cluck/Info.plist;
				IPHONEOS_DEPLOYMENT_TARGET = 10.0;
				LD_RUNPATH_SEARCH_PATHS = (
					"$(inherited)",
					"@executable_path/Frameworks",
				);
				PRODUCT_BUNDLE_IDENTIFIER = GB.Cluck;
				PRODUCT_NAME = "$(TARGET_NAME)";
				SWIFT_VERSION = 4.0;
				TARGETED_DEVICE_FAMILY = "1,2";
			};
			name = Release;
		};
/* End XCBuildConfiguration section */

/* Begin XCConfigurationList section */
		E142C75C20BFEB28008F39D8 /* Build configuration list for PBXProject "Cluck" */ = {
			isa = XCConfigurationList;
			buildConfigurations = (
				E142C77120BFEB2C008F39D8 /* Debug */,
				E142C77220BFEB2C008F39D8 /* Release */,
			);
			defaultConfigurationIsVisible = 0;
			defaultConfigurationName = Release;
		};
		E142C77320BFEB2C008F39D8 /* Build configuration list for PBXNativeTarget "Cluck" */ = {
			isa = XCConfigurationList;
			buildConfigurations = (
				E142C77420BFEB2C008F39D8 /* Debug */,
				E142C77520BFEB2C008F39D8 /* Release */,
			);
			defaultConfigurationIsVisible = 0;
			defaultConfigurationName = Release;
		};
/* End XCConfigurationList section */

/* Begin XCVersionGroup section */
		E1E6A26120FBBDC700D9AFAF /* Cluck.xcdatamodeld */ = {
			isa = XCVersionGroup;
			children = (
				E1E6A26220FBBDC700D9AFAF /* Cluck.xcdatamodel */,
			);
			currentVersion = E1E6A26220FBBDC700D9AFAF /* Cluck.xcdatamodel */;
			path = Cluck.xcdatamodeld;
			sourceTree = "<group>";
			versionGroupType = wrapper.xcdatamodel;
		};
/* End XCVersionGroup section */
	};
	rootObject = E142C75920BFEB28008F39D8 /* Project object */;
}
